// !$*UTF8*$!
{
	archiveVersion = 1;
	classes = {
	};
	objectVersion = 45;
	objects = {

/* Begin PBXAggregateTarget section */
		A0D8BD2F5EB906D53CC27F12 /* All */ = {
			isa = PBXAggregateTarget;
			buildConfigurationList = 6990380D2CFBDFF787BEECE7 /* Build configuration list for PBXAggregateTarget "All" */;
			buildPhases = (
			);
			dependencies = (
				7C10C128182A612FB5668F3D /* PBXTargetDependency */,
				8E28892DD9D8D33ED783C1B1 /* PBXTargetDependency */,
			);
			name = All;
			productName = All;
		};
/* End PBXAggregateTarget section */

/* Begin PBXBuildFile section */
		0C2DE4E03E37646889C9DEF7 /* server.cpp in Sources */ = {isa = PBXBuildFile; fileRef = C07AB9FC4323CA4374353B24 /* server.cpp */; };
		497862A7B429CF9E90EEC086 /* client.cpp in Sources */ = {isa = PBXBuildFile; fileRef = 1F661E4A66ADAFC82DA8A131 /* client.cpp */; };
		638B756668C604D844595D6D /* libhttp_parser.a in Frameworks */ = {isa = PBXBuildFile; fileRef = 22968403E5AB841C09258AA1 /* libhttp_parser.a */; };
		787C26E28D103E738892F674 /* libhttp_parser.a in Frameworks */ = {isa = PBXBuildFile; fileRef = 22968403E5AB841C09258AA1 /* libhttp_parser.a */; };
		8391183F93878CD0177CB6C3 /* libboost_system.a in Frameworks */ = {isa = PBXBuildFile; fileRef = F8FAC31BF7250A78ACE92799 /* libboost_system.a */; };
		A3B0E464EFA8673521D7B51C /* libwebsocket.a in Frameworks */ = {isa = PBXBuildFile; fileRef = 7542471D9FEA0A8B70F77899 /* libwebsocket.a */; };
		B00CD49861A50AADD8DCB54C /* libwebsocket.a in Frameworks */ = {isa = PBXBuildFile; fileRef = 7542471D9FEA0A8B70F77899 /* libwebsocket.a */; };
		FC522067284B22E9BF4CD35D /* libboost_system.a in Frameworks */ = {isa = PBXBuildFile; fileRef = F8FAC31BF7250A78ACE92799 /* libboost_system.a */; };
/* End PBXBuildFile section */

/* Begin PBXContainerItemProxy section */
		21C640A99376EED29BD057A1 /* PBXContainerItemProxy */ = {
			isa = PBXContainerItemProxy;
			containerPortal = A6B277B5F61EB4D4D9CB0804 /* http_parser.xcodeproj */;
			proxyType = 2;
			remoteGlobalIDString = E44FC161DB75B555B724BB07;
			remoteInfo = "test-nonstrict";
		};
		2AA17313BE2961677BA3974B /* PBXContainerItemProxy */ = {
			isa = PBXContainerItemProxy;
			containerPortal = 227F0528D56C76C192A99B7E /* Project object */;
			proxyType = 1;
			remoteGlobalIDString = B2472D81BEBDFCDA916BFA52;
			remoteInfo = client;
		};
		2C2A7CE6D08D3ECA51668328 /* PBXContainerItemProxy */ = {
			isa = PBXContainerItemProxy;
			containerPortal = A6B277B5F61EB4D4D9CB0804 /* http_parser.xcodeproj */;
			proxyType = 1;
			remoteGlobalIDString = 2C3D692EDB432A59FB72344A;
			remoteInfo = http_parser;
		};
		46A7B5E4D5559C296AB388D6 /* PBXContainerItemProxy */ = {
			isa = PBXContainerItemProxy;
			containerPortal = A6B277B5F61EB4D4D9CB0804 /* http_parser.xcodeproj */;
			proxyType = 1;
			remoteGlobalIDString = 2C3D692EDB432A59FB72344A;
			remoteInfo = http_parser;
		};
		533FB592D4E02F51D4693026 /* PBXContainerItemProxy */ = {
			isa = PBXContainerItemProxy;
			containerPortal = 227F0528D56C76C192A99B7E /* Project object */;
			proxyType = 1;
			remoteGlobalIDString = E32A4D2DFE86A597C65A131A;
			remoteInfo = server;
		};
		7DC91ECD5FEA561703D2F65F /* PBXContainerItemProxy */ = {
			isa = PBXContainerItemProxy;
			containerPortal = A9D07C04C01BA31040F2B57E /* websocket.xcodeproj */;
			proxyType = 1;
			remoteGlobalIDString = CD631EF93C22680E1B57C21C;
			remoteInfo = websocket;
		};
		82E12CC0140571B0BB4C36F0 /* PBXContainerItemProxy */ = {
			isa = PBXContainerItemProxy;
			containerPortal = A6B277B5F61EB4D4D9CB0804 /* http_parser.xcodeproj */;
			proxyType = 2;
			remoteGlobalIDString = 7C00DF072E30308FB6C7C5F7;
			remoteInfo = http_parser_strict;
		};
		890C3D6FE7456D8CC20409A1 /* PBXContainerItemProxy */ = {
			isa = PBXContainerItemProxy;
			containerPortal = A9D07C04C01BA31040F2B57E /* websocket.xcodeproj */;
			proxyType = 2;
			remoteGlobalIDString = 55A34CFE3C25CA3D97739C53;
			remoteInfo = websocket;
		};
		A963C930F1384865B07F4E5B /* PBXContainerItemProxy */ = {
			isa = PBXContainerItemProxy;
			containerPortal = A9D07C04C01BA31040F2B57E /* websocket.xcodeproj */;
			proxyType = 1;
			remoteGlobalIDString = CD631EF93C22680E1B57C21C;
			remoteInfo = websocket;
		};
		C469E8D6251F7C4BF2A96FC5 /* PBXContainerItemProxy */ = {
			isa = PBXContainerItemProxy;
			containerPortal = A6B277B5F61EB4D4D9CB0804 /* http_parser.xcodeproj */;
			proxyType = 2;
			remoteGlobalIDString = 1801301F7038583B51A4D241;
			remoteInfo = http_parser;
		};
		DB52AF30CB887A1C73B0D3CC /* PBXContainerItemProxy */ = {
			isa = PBXContainerItemProxy;
			containerPortal = A6B277B5F61EB4D4D9CB0804 /* http_parser.xcodeproj */;
			proxyType = 2;
			remoteGlobalIDString = C887F8A1CA4C9B4788B8BAEB;
			remoteInfo = "test-strict";
		};
/* End PBXContainerItemProxy section */

/* Begin PBXFileReference section */
		1F661E4A66ADAFC82DA8A131 /* client.cpp */ = {isa = PBXFileReference; lastKnownFileType = sourcecode.cpp.cpp; path = client.cpp; sourceTree = "<group>"; };
		2218C3B832125B72EE683A14 /* client */ = {isa = PBXFileReference; explicitFileType = "compiled.mach-o.executable"; includeInIndex = 0; path = client; sourceTree = BUILT_PRODUCTS_DIR; };
		A6B277B5F61EB4D4D9CB0804 /* http_parser.xcodeproj */ = {isa = PBXFileReference; lastKnownFileType = "wrapper.pb-project"; name = http_parser.xcodeproj; path = "../../websocket/http-parser/http_parser.xcodeproj"; sourceTree = SOURCE_ROOT; };
		A9D07C04C01BA31040F2B57E /* websocket.xcodeproj */ = {isa = PBXFileReference; lastKnownFileType = "wrapper.pb-project"; name = websocket.xcodeproj; path = ../../websocket.xcodeproj; sourceTree = SOURCE_ROOT; };
		AD9A20A83B3816430860DB55 /* websocket_example_basic.gyp */ = {isa = PBXFileReference; explicitFileType = sourcecode; path = websocket_example_basic.gyp; sourceTree = "<group>"; };
		C07AB9FC4323CA4374353B24 /* server.cpp */ = {isa = PBXFileReference; lastKnownFileType = sourcecode.cpp.cpp; path = server.cpp; sourceTree = "<group>"; };
		C1B2C02CBF84726BE4B9366C /* server */ = {isa = PBXFileReference; explicitFileType = "compiled.mach-o.executable"; includeInIndex = 0; path = server; sourceTree = BUILT_PRODUCTS_DIR; };
		F8FAC31BF7250A78ACE92799 /* libboost_system.a */ = {isa = PBXFileReference; lastKnownFileType = archive.ar; name = libboost_system.a; path = ../../libboost_system.a; sourceTree = "<group>"; };
/* End PBXFileReference section */

/* Begin PBXFrameworksBuildPhase section */
		1511AE2A660C7B1A4883089F /* Frameworks */ = {
			isa = PBXFrameworksBuildPhase;
			buildActionMask = 2147483647;
			files = (
				A3B0E464EFA8673521D7B51C /* libwebsocket.a in Frameworks */,
				787C26E28D103E738892F674 /* libhttp_parser.a in Frameworks */,
				8391183F93878CD0177CB6C3 /* libboost_system.a in Frameworks */,
			);
			runOnlyForDeploymentPostprocessing = 0;
		};
		70CF1BB4716376B7CE21551C /* Frameworks */ = {
			isa = PBXFrameworksBuildPhase;
			buildActionMask = 2147483647;
			files = (
				B00CD49861A50AADD8DCB54C /* libwebsocket.a in Frameworks */,
				638B756668C604D844595D6D /* libhttp_parser.a in Frameworks */,
				FC522067284B22E9BF4CD35D /* libboost_system.a in Frameworks */,
			);
			runOnlyForDeploymentPostprocessing = 0;
		};
/* End PBXFrameworksBuildPhase section */

/* Begin PBXGroup section */
		28DA59932ADA71F0FD2EF62C /* Build */ = {
			isa = PBXGroup;
			children = (
				AD9A20A83B3816430860DB55 /* websocket_example_basic.gyp */,
			);
			name = Build;
			sourceTree = "<group>";
		};
		43105DD2BBB64D8C44B949F0 /* Products */ = {
			isa = PBXGroup;
			children = (
				2218C3B832125B72EE683A14 /* client */,
				C1B2C02CBF84726BE4B9366C /* server */,
			);
			name = Products;
			sourceTree = "<group>";
		};
		4ACECFD2A6B6CB1C9200BB7F /* Projects */ = {
			isa = PBXGroup;
			children = (
				A6B277B5F61EB4D4D9CB0804 /* http_parser.xcodeproj */,
				A9D07C04C01BA31040F2B57E /* websocket.xcodeproj */,
			);
			name = Projects;
			sourceTree = "<group>";
		};
		A5580F94CB4972F3EBF60E11 = {
			isa = PBXGroup;
			children = (
				B73866C2720B855B03A3CA78 /* Source */,
				4ACECFD2A6B6CB1C9200BB7F /* Projects */,
				F981E59C9949BE578B11B20E /* Frameworks */,
				43105DD2BBB64D8C44B949F0 /* Products */,
				28DA59932ADA71F0FD2EF62C /* Build */,
			);
			sourceTree = "<group>";
		};
		B73866C2720B855B03A3CA78 /* Source */ = {
			isa = PBXGroup;
			children = (
				1F661E4A66ADAFC82DA8A131 /* client.cpp */,
				C07AB9FC4323CA4374353B24 /* server.cpp */,
			);
			name = Source;
			sourceTree = "<group>";
		};
		C9E7E743C5A6ED45665289D4 /* Products */ = {
			isa = PBXGroup;
			children = (
				7542471D9FEA0A8B70F77899 /* libwebsocket.a */,
			);
			name = Products;
			sourceTree = "<group>";
		};
		CEC3ED28CD125695989BAB08 /* Products */ = {
			isa = PBXGroup;
			children = (
				22968403E5AB841C09258AA1 /* libhttp_parser.a */,
				5D174BF653B279A1AF6773ED /* libhttp_parser_strict.a */,
				CA2CE38B5BA2AA8B3DF8456B /* test-nonstrict */,
				00835A72C8D774BB12D1EF51 /* test-strict */,
			);
			name = Products;
			sourceTree = "<group>";
		};
		F981E59C9949BE578B11B20E /* Frameworks */ = {
			isa = PBXGroup;
			children = (
				F8FAC31BF7250A78ACE92799 /* libboost_system.a */,
			);
			name = Frameworks;
			sourceTree = "<group>";
		};
/* End PBXGroup section */

/* Begin PBXNativeTarget section */
		B2472D81BEBDFCDA916BFA52 /* client */ = {
			isa = PBXNativeTarget;
			buildConfigurationList = 539F53F07CD2B714ADCE9B5E /* Build configuration list for PBXNativeTarget "client" */;
			buildPhases = (
				5031C084C68C663D7C7CA3A1 /* Sources */,
				1511AE2A660C7B1A4883089F /* Frameworks */,
			);
			buildRules = (
			);
			dependencies = (
				7C4F58B283B21AA81E8BBDDA /* PBXTargetDependency */,
				74634259B47378D66E36EFCF /* PBXTargetDependency */,
			);
			name = client;
			productName = client;
			productReference = 2218C3B832125B72EE683A14 /* client */;
			productType = "com.apple.product-type.tool";
		};
		E32A4D2DFE86A597C65A131A /* server */ = {
			isa = PBXNativeTarget;
			buildConfigurationList = 4F8641DFBF476ABB0AA52928 /* Build configuration list for PBXNativeTarget "server" */;
			buildPhases = (
				29EAD2030E21C26FFBABE410 /* Sources */,
				70CF1BB4716376B7CE21551C /* Frameworks */,
			);
			buildRules = (
			);
			dependencies = (
				39D920ACAE140ABDD292D39D /* PBXTargetDependency */,
				F8591572957394299CC380BC /* PBXTargetDependency */,
			);
			name = server;
			productName = server;
			productReference = C1B2C02CBF84726BE4B9366C /* server */;
			productType = "com.apple.product-type.tool";
		};
/* End PBXNativeTarget section */

/* Begin PBXProject section */
		227F0528D56C76C192A99B7E /* Project object */ = {
			isa = PBXProject;
			attributes = {
				BuildIndependentTargetsInParallel = YES;
			};
			buildConfigurationList = 89873B000FD3D1B2AD2169AE /* Build configuration list for PBXProject "websocket_example_basic" */;
			compatibilityVersion = "Xcode 3.2";
			hasScannedForEncodings = 1;
			mainGroup = A5580F94CB4972F3EBF60E11;
			projectDirPath = "";
			projectReferences = (
				{
					ProductGroup = CEC3ED28CD125695989BAB08 /* Products */;
					ProjectRef = A6B277B5F61EB4D4D9CB0804 /* http_parser.xcodeproj */;
				},
				{
					ProductGroup = C9E7E743C5A6ED45665289D4 /* Products */;
					ProjectRef = A9D07C04C01BA31040F2B57E /* websocket.xcodeproj */;
				},
			);
			projectRoot = "";
			targets = (
				A0D8BD2F5EB906D53CC27F12 /* All */,
				B2472D81BEBDFCDA916BFA52 /* client */,
				E32A4D2DFE86A597C65A131A /* server */,
			);
		};
/* End PBXProject section */

/* Begin PBXReferenceProxy section */
		00835A72C8D774BB12D1EF51 /* test-strict */ = {
			isa = PBXReferenceProxy;
			fileType = "compiled.mach-o.executable";
			path = "test-strict";
			remoteRef = DB52AF30CB887A1C73B0D3CC /* PBXContainerItemProxy */;
			sourceTree = BUILT_PRODUCTS_DIR;
		};
		22968403E5AB841C09258AA1 /* libhttp_parser.a */ = {
			isa = PBXReferenceProxy;
			fileType = archive.ar;
			path = libhttp_parser.a;
			remoteRef = C469E8D6251F7C4BF2A96FC5 /* PBXContainerItemProxy */;
			sourceTree = BUILT_PRODUCTS_DIR;
		};
		5D174BF653B279A1AF6773ED /* libhttp_parser_strict.a */ = {
			isa = PBXReferenceProxy;
			fileType = archive.ar;
			path = libhttp_parser_strict.a;
			remoteRef = 82E12CC0140571B0BB4C36F0 /* PBXContainerItemProxy */;
			sourceTree = BUILT_PRODUCTS_DIR;
		};
		7542471D9FEA0A8B70F77899 /* libwebsocket.a */ = {
			isa = PBXReferenceProxy;
			fileType = archive.ar;
			path = libwebsocket.a;
			remoteRef = 890C3D6FE7456D8CC20409A1 /* PBXContainerItemProxy */;
			sourceTree = BUILT_PRODUCTS_DIR;
		};
		CA2CE38B5BA2AA8B3DF8456B /* test-nonstrict */ = {
			isa = PBXReferenceProxy;
			fileType = "compiled.mach-o.executable";
			path = "test-nonstrict";
			remoteRef = 21C640A99376EED29BD057A1 /* PBXContainerItemProxy */;
			sourceTree = BUILT_PRODUCTS_DIR;
		};
/* End PBXReferenceProxy section */

/* Begin PBXSourcesBuildPhase section */
		29EAD2030E21C26FFBABE410 /* Sources */ = {
			isa = PBXSourcesBuildPhase;
			buildActionMask = 2147483647;
			files = (
				0C2DE4E03E37646889C9DEF7 /* server.cpp in Sources */,
			);
			runOnlyForDeploymentPostprocessing = 0;
		};
		5031C084C68C663D7C7CA3A1 /* Sources */ = {
			isa = PBXSourcesBuildPhase;
			buildActionMask = 2147483647;
			files = (
				497862A7B429CF9E90EEC086 /* client.cpp in Sources */,
			);
			runOnlyForDeploymentPostprocessing = 0;
		};
/* End PBXSourcesBuildPhase section */

/* Begin PBXTargetDependency section */
		39D920ACAE140ABDD292D39D /* PBXTargetDependency */ = {
			isa = PBXTargetDependency;
			name = websocket;
			targetProxy = A963C930F1384865B07F4E5B /* PBXContainerItemProxy */;
		};
		74634259B47378D66E36EFCF /* PBXTargetDependency */ = {
			isa = PBXTargetDependency;
			name = http_parser;
			targetProxy = 2C2A7CE6D08D3ECA51668328 /* PBXContainerItemProxy */;
		};
		7C10C128182A612FB5668F3D /* PBXTargetDependency */ = {
			isa = PBXTargetDependency;
			target = B2472D81BEBDFCDA916BFA52 /* client */;
			targetProxy = 2AA17313BE2961677BA3974B /* PBXContainerItemProxy */;
		};
		7C4F58B283B21AA81E8BBDDA /* PBXTargetDependency */ = {
			isa = PBXTargetDependency;
			name = websocket;
			targetProxy = 7DC91ECD5FEA561703D2F65F /* PBXContainerItemProxy */;
		};
		8E28892DD9D8D33ED783C1B1 /* PBXTargetDependency */ = {
			isa = PBXTargetDependency;
			target = E32A4D2DFE86A597C65A131A /* server */;
			targetProxy = 533FB592D4E02F51D4693026 /* PBXContainerItemProxy */;
		};
		F8591572957394299CC380BC /* PBXTargetDependency */ = {
			isa = PBXTargetDependency;
			name = http_parser;
			targetProxy = 46A7B5E4D5559C296AB388D6 /* PBXContainerItemProxy */;
		};
/* End PBXTargetDependency section */

/* Begin XCBuildConfiguration section */
		086FDA676A0DB4B038E7848A /* Release */ = {
			isa = XCBuildConfiguration;
			buildSettings = {
				CLANG_CXX_LANGUAGE_STANDARD = "c++11";
				CLANG_CXX_LIBRARY = "libc++";
				CONFIGURATION_BUILD_DIR = ./;
				EXECUTABLE_PREFIX = "";
				GCC_PREPROCESSOR_DEFINITIONS = NDEBUG;
				HEADER_SEARCH_PATHS = (
					../..,
					/usr/local/include,
				);
				LIBRARY_SEARCH_PATHS = /usr/local/lib;
				OTHER_CPLUSPLUSFLAGS = (
					"-ftemplate-depth=512",
					"-Os",
				);
				PRODUCT_NAME = client;
				TARGET_BUILD_DIR = ./;
			};
			name = Release;
		};
		1946446AE41431FF90831C5F /* Debug */ = {
			isa = XCBuildConfiguration;
			buildSettings = {
				CLANG_CXX_LANGUAGE_STANDARD = "c++11";
				CLANG_CXX_LIBRARY = "libc++";
				CONFIGURATION_BUILD_DIR = ./;
				EXECUTABLE_PREFIX = "";
				GCC_PREPROCESSOR_DEFINITIONS = (
					DEBUG,
					_DEBUG,
				);
				HEADER_SEARCH_PATHS = (
					../..,
					/usr/local/include,
				);
				LIBRARY_SEARCH_PATHS = /usr/local/lib;
				OTHER_CPLUSPLUSFLAGS = (
					"-ftemplate-depth=512",
					"-O0",
				);
				PRODUCT_NAME = client;
				TARGET_BUILD_DIR = ./;
			};
			name = Debug;
		};
		4BD653020E573B2770119527 /* Release */ = {
			isa = XCBuildConfiguration;
			buildSettings = {
				PRODUCT_NAME = All;
			};
			name = Release;
		};
		4C32DAFAB811F9DD00D23371 /* Release */ = {
			isa = XCBuildConfiguration;
			buildSettings = {
				INTERMEDIATE_DIR = "$(PROJECT_DERIVED_FILE_DIR)/$(CONFIGURATION)";
				SHARED_INTERMEDIATE_DIR = "$(SYMROOT)/DerivedSources/$(CONFIGURATION)";
			};
			name = Release;
		};
		5F6151A89D6BDE8726AAEE44 /* Debug */ = {
			isa = XCBuildConfiguration;
			buildSettings = {
				PRODUCT_NAME = All;
			};
			name = Debug;
		};
		A35A1DB121381F260A8385E3 /* Debug */ = {
			isa = XCBuildConfiguration;
			buildSettings = {
				CLANG_CXX_LANGUAGE_STANDARD = "c++11";
				CLANG_CXX_LIBRARY = "libc++";
				CONFIGURATION_BUILD_DIR = ./;
				EXECUTABLE_PREFIX = "";
				GCC_PREPROCESSOR_DEFINITIONS = (
					DEBUG,
					_DEBUG,
				);
				HEADER_SEARCH_PATHS = (
					../..,
					/usr/local/include,
				);
				LIBRARY_SEARCH_PATHS = /usr/local/lib;
				OTHER_CPLUSPLUSFLAGS = (
					"-ftemplate-depth=512",
					"-O0",
				);
				PRODUCT_NAME = server;
				TARGET_BUILD_DIR = ./;
			};
			name = Debug;
		};
		D2E9D9795CAAFD540C9E94C0 /* Debug */ = {
			isa = XCBuildConfiguration;
			buildSettings = {
				INTERMEDIATE_DIR = "$(PROJECT_DERIVED_FILE_DIR)/$(CONFIGURATION)";
				SHARED_INTERMEDIATE_DIR = "$(SYMROOT)/DerivedSources/$(CONFIGURATION)";
			};
			name = Debug;
		};
		D8369CC0C2A13DC31E46B16D /* Release */ = {
			isa = XCBuildConfiguration;
			buildSettings = {
				CLANG_CXX_LANGUAGE_STANDARD = "c++11";
				CLANG_CXX_LIBRARY = "libc++";
				CONFIGURATION_BUILD_DIR = ./;
				EXECUTABLE_PREFIX = "";
				GCC_PREPROCESSOR_DEFINITIONS = NDEBUG;
				HEADER_SEARCH_PATHS = (
					../..,
					/usr/local/include,
				);
				LIBRARY_SEARCH_PATHS = /usr/local/lib;
				OTHER_CPLUSPLUSFLAGS = (
					"-ftemplate-depth=512",
					"-Os",
				);
				PRODUCT_NAME = server;
				TARGET_BUILD_DIR = ./;
			};
			name = Release;
		};
/* End XCBuildConfiguration section */

/* Begin XCConfigurationList section */
		4F8641DFBF476ABB0AA52928 /* Build configuration list for PBXNativeTarget "server" */ = {
			isa = XCConfigurationList;
			buildConfigurations = (
				A35A1DB121381F260A8385E3 /* Debug */,
				D8369CC0C2A13DC31E46B16D /* Release */,
			);
			defaultConfigurationIsVisible = 1;
			defaultConfigurationName = Debug;
		};
		539F53F07CD2B714ADCE9B5E /* Build configuration list for PBXNativeTarget "client" */ = {
			isa = XCConfigurationList;
			buildConfigurations = (
				1946446AE41431FF90831C5F /* Debug */,
				086FDA676A0DB4B038E7848A /* Release */,
			);
			defaultConfigurationIsVisible = 1;
			defaultConfigurationName = Debug;
		};
		6990380D2CFBDFF787BEECE7 /* Build configuration list for PBXAggregateTarget "All" */ = {
			isa = XCConfigurationList;
			buildConfigurations = (
				5F6151A89D6BDE8726AAEE44 /* Debug */,
				4BD653020E573B2770119527 /* Release */,
			);
			defaultConfigurationIsVisible = 1;
			defaultConfigurationName = Debug;
		};
		89873B000FD3D1B2AD2169AE /* Build configuration list for PBXProject "websocket_example_basic" */ = {
			isa = XCConfigurationList;
			buildConfigurations = (
				D2E9D9795CAAFD540C9E94C0 /* Debug */,
				4C32DAFAB811F9DD00D23371 /* Release */,
			);
			defaultConfigurationIsVisible = 1;
			defaultConfigurationName = Debug;
		};
/* End XCConfigurationList section */
	};
	rootObject = 227F0528D56C76C192A99B7E /* Project object */;
}
